{
  "name": "ProgGame",
  "lockfileVersion": 3,
  "requires": true,
  "packages": {
    "": {
      "dependencies": {
        "@neutralinojs/lib": "^3.11.0"
      }
    },
    "node_modules/@neutralinojs/lib": {
      "version": "3.11.0",
      "resolved": "https://registry.npmjs.org/@neutralinojs/lib/-/lib-3.11.0.tgz",
      "integrity": "sha512-0qUErz0XIHCg6HS1JqggyBSsscGQbRJ1IbueDXCwKHbuE3CqqDYBYviq+cDUae9FqVfRybWZDGV32/fcCSnDqQ=="
    }
  }
}
